
Microsoft Visual Studio Solution File, Format Version 12.00
# Visual Studio Version 17
VisualStudioVersion = 17.7.34202.233
MinimumVisualStudioVersion = 10.0.40219.1
Project("{FAE04EC0-301F-11D3-BF4B-00C04F79EFBC}") = "ScatterGraph", "ScatterGraph.csproj", "{228A4FF0-0442-4036-9418-22E01FEB1D07}"
EndProject
Global
	GlobalSection(SolutionConfigurationPlatforms) = preSolution
		Debug|Any CPU = Debug|Any CPU
		Release|Any CPU = Release|Any CPU
	EndGlobalSection
	GlobalSection(ProjectConfigurationPlatforms) = postSolution
		{228A4FF0-0442-4036-9418-22E01FEB1D07}.Debug|Any CPU.ActiveCfg = Debug|Any CPU
		{228A4FF0-0442-4036-9418-22E01FEB1D07}.Debug|Any CPU.Build.0 = Debug|Any CPU
		{228A4FF0-0442-4036-9418-22E01FEB1D07}.Release|Any CPU.ActiveCfg = Release|Any CPU
		{228A4FF0-0442-4036-9418-22E01FEB1D07}.Release|Any CPU.Build.0 = Release|Any CPU
	EndGlobalSection
	GlobalSection(SolutionProperties) = preSolution
		HideSolutionNode = FALSE
	EndGlobalSection
	GlobalSection(ExtensibilityGlobals) = postSolution
		SolutionGuid = {153CF210-0797-42A8-AFB3-F72152124D87}
	EndGlobalSection
EndGlobal
